lockfileVersion: '9.0'

settings:
  autoInstallPeers: true
  excludeLinksFromLockfile: false

importers:

  .:
    devDependencies:
      opencc-js:
        specifier: 1.4.2
        version: 1.4.2

packages:

  opencc-js@1.4.2:
    resolution: {integrity: sha512-EdcspgdROiCCZDM+jZR6Pa670xW+EW2QhctPBQ8gRjg6lrx4IHEl+2s+kt5izk/TkxVRgdWuFgaGkaEdIUfdaw==}

snapshots:

  opencc-js@1.4.2: {}
